
Microsoft Visual Studio Solution File, Format Version 12.00
Project("{FAE04EC0-301F-11D3-BF4B-00C04F79EFBC}") = "SongsWebApp", "SongsWebApp\SongsWebApp.csproj", "{A69EC2DA-EA10-40EF-BB57-1FD73DABB22D}"
EndProject
Global
	GlobalSection(SolutionConfigurationPlatforms) = preSolution
		Debug|Any CPU = Debug|Any CPU
		Release|Any CPU = Release|Any CPU
	EndGlobalSection
	GlobalSection(ProjectConfigurationPlatforms) = postSolution
		{A69EC2DA-EA10-40EF-BB57-1FD73DABB22D}.Debug|Any CPU.ActiveCfg = Debug|Any CPU
		{A69EC2DA-EA10-40EF-BB57-1FD73DABB22D}.Debug|Any CPU.Build.0 = Debug|Any CPU
		{A69EC2DA-EA10-40EF-BB57-1FD73DABB22D}.Release|Any CPU.ActiveCfg = Release|Any CPU
		{A69EC2DA-EA10-40EF-BB57-1FD73DABB22D}.Release|Any CPU.Build.0 = Release|Any CPU
	EndGlobalSection
EndGlobal
